# @generated by Move, please check-in and do not edit manually.

[move]
version = 2
manifest_digest = "1A07AAAF9F362989BAD17EDC81570A5E2097539485BEFE2DE1A629365D800E42"
deps_digest = "F8BBB0CCB2491CA29A3DF03D6F92277A4F3574266507ACD77214D37ECA3F3082"
dependencies = [
  { name = "Sui" },
]

[[move.package]]
name = "MoveStdlib"
source = { git = "https://github.com/MystenLabs/sui.git", rev = "framework/devnet", subdir = "crates/sui-framework/packages/move-stdlib" }

[[move.package]]
name = "Sui"
source = { git = "https://github.com/MystenLabs/sui.git", rev = "framework/devnet", subdir = "crates/sui-framework/packages/sui-framework" }

dependencies = [
  { name = "MoveStdlib" },
]

[move.toolchain-version]
compiler-version = "1.25.1"
edition = "2024.beta"
flavor = "sui"

[env]

[env.devnet]
chain-id = "bd665407"
original-published-id = "0x4921679c6999e45fe8d8f4cf2ee8a338e2ad9564127ca66675d00cec2c01faae"
latest-published-id = "0x4921679c6999e45fe8d8f4cf2ee8a338e2ad9564127ca66675d00cec2c01faae"
published-version = "1"
